
Microsoft Visual Studio Solution File, Format Version 12.00
# Visual Studio 15
VisualStudioVersion = 15.0.28307.136
MinimumVisualStudioVersion = 10.0.40219.1
Project("{F2A71F9B-5D33-465A-A702-920D77279786}") = "EsiStatics.Benchmarks", "EsiStatics.Benchmarks\EsiStatics.Benchmarks.fsproj", "{59F84253-5F2B-4A4B-9F1B-50E41496FC09}"
EndProject
Global
	GlobalSection(SolutionConfigurationPlatforms) = preSolution
		Debug|Any CPU = Debug|Any CPU
		Release|Any CPU = Release|Any CPU
	EndGlobalSection
	GlobalSection(ProjectConfigurationPlatforms) = postSolution
		{59F84253-5F2B-4A4B-9F1B-50E41496FC09}.Debug|Any CPU.ActiveCfg = Debug|Any CPU
		{59F84253-5F2B-4A4B-9F1B-50E41496FC09}.Debug|Any CPU.Build.0 = Debug|Any CPU
		{59F84253-5F2B-4A4B-9F1B-50E41496FC09}.Release|Any CPU.ActiveCfg = Release|Any CPU
		{59F84253-5F2B-4A4B-9F1B-50E41496FC09}.Release|Any CPU.Build.0 = Release|Any CPU
	EndGlobalSection
	GlobalSection(SolutionProperties) = preSolution
		HideSolutionNode = FALSE
	EndGlobalSection
	GlobalSection(ExtensibilityGlobals) = postSolution
		SolutionGuid = {E9DE912A-1EAE-4CB1-B535-5BDD45065041}
	EndGlobalSection
EndGlobal
